
Microsoft Visual Studio Solution File, Format Version 12.00
# Visual Studio Version 16
VisualStudioVersion = 16.0.29728.190
MinimumVisualStudioVersion = 10.0.40219.1
Project("{FAE04EC0-301F-11D3-BF4B-00C04F79EFBC}") = "Assesment 1", "Assesment 1\Assesment 1.csproj", "{1ACE8580-2C50-454B-9FED-02EECFDD34C5}"
EndProject
Global
	GlobalSection(SolutionConfigurationPlatforms) = preSolution
		Debug|Any CPU = Debug|Any CPU
		Release|Any CPU = Release|Any CPU
	EndGlobalSection
	GlobalSection(ProjectConfigurationPlatforms) = postSolution
		{1ACE8580-2C50-454B-9FED-02EECFDD34C5}.Debug|Any CPU.ActiveCfg = Debug|Any CPU
		{1ACE8580-2C50-454B-9FED-02EECFDD34C5}.Debug|Any CPU.Build.0 = Debug|Any CPU
		{1ACE8580-2C50-454B-9FED-02EECFDD34C5}.Release|Any CPU.ActiveCfg = Release|Any CPU
		{1ACE8580-2C50-454B-9FED-02EECFDD34C5}.Release|Any CPU.Build.0 = Release|Any CPU
	EndGlobalSection
	GlobalSection(SolutionProperties) = preSolution
		HideSolutionNode = FALSE
	EndGlobalSection
	GlobalSection(ExtensibilityGlobals) = postSolution
		SolutionGuid = {F4AC9E32-A2BD-4328-9A05-A0E86A214024}
	EndGlobalSection
EndGlobal
